# This is a Gradle generated file for dependency locking.
# Manual edits can break the build and are not advised.
# This file is expected to be part of source control.
com.google.code.findbugs:jsr305:3.0.2=compileClasspath,runtimeClasspath
io.github.resilience4j:resilience4j-circuitbreaker:1.7.1=compileClasspath,runtimeClasspath
io.github.resilience4j:resilience4j-core:1.7.1=compileClasspath,runtimeClasspath
io.netty:netty-bom:4.1.130.Final=runtimeClasspath
io.netty:netty-buffer:4.1.130.Final=runtimeClasspath
io.netty:netty-codec-dns:4.1.130.Final=runtimeClasspath
io.netty:netty-codec-http2:4.1.130.Final=runtimeClasspath
io.netty:netty-codec-http:4.1.130.Final=runtimeClasspath
io.netty:netty-codec:4.1.130.Final=runtimeClasspath
io.netty:netty-common:4.1.130.Final=runtimeClasspath
io.netty:netty-handler:4.1.130.Final=runtimeClasspath
io.netty:netty-resolver-dns-classes-macos:4.1.130.Final=runtimeClasspath
io.netty:netty-resolver-dns-native-macos:4.1.130.Final=runtimeClasspath
io.netty:netty-resolver-dns:4.1.130.Final=runtimeClasspath
io.netty:netty-resolver:4.1.130.Final=runtimeClasspath
io.netty:netty-tcnative-boringssl-static:2.0.74.Final=runtimeClasspath
io.netty:netty-tcnative-classes:2.0.74.Final=runtimeClasspath
io.netty:netty-transport-classes-epoll:4.1.130.Final=runtimeClasspath
io.netty:netty-transport-classes-kqueue:4.1.130.Final=runtimeClasspath
io.netty:netty-transport-native-epoll:4.1.130.Final=runtimeClasspath
io.netty:netty-transport-native-kqueue:4.1.130.Final=runtimeClasspath
io.netty:netty-transport-native-unix-common:4.1.130.Final=runtimeClasspath
io.netty:netty-transport:4.1.130.Final=runtimeClasspath
io.vavr:vavr-match:0.10.2=compileClasspath,runtimeClasspath
io.vavr:vavr:0.10.2=compileClasspath,runtimeClasspath
org.apache.logging.log4j:log4j-api:2.23.1=runtimeClasspath
org.apache.logging.log4j:log4j-core:2.23.1=runtimeClasspath
org.apache.logging.log4j:log4j-slf4j-impl:2.23.1=runtimeClasspath
org.jctools:jctools-core:4.0.5=runtimeClasspath
org.slf4j:slf4j-api:1.7.36=runtimeClasspath
empty=annotationProcessor,jmhCompileClasspath,jmhRuntimeClasspath
