# This is a Gradle generated file for dependency locking.
# Manual edits can break the build and are not advised.
# This file is expected to be part of source control.
com.fasterxml.jackson.core:jackson-annotations:2.16.2=compileClasspath,runtimeClasspath
com.fasterxml.jackson.core:jackson-core:2.16.2=compileClasspath,runtimeClasspath
com.fasterxml.jackson.core:jackson-databind:2.16.2=compileClasspath,runtimeClasspath
com.fasterxml.jackson:jackson-bom:2.16.2=compileClasspath,runtimeClasspath
com.google.code.findbugs:jsr305:3.0.2=compileClasspath,runtimeClasspath
io.netty.incubator:netty-incubator-transport-classes-io_uring:0.0.26.Final=runtimeClasspath
io.netty.incubator:netty-incubator-transport-native-io_uring:0.0.26.Final=runtimeClasspath
io.netty:netty-bom:4.1.116.Final=compileClasspath,runtimeClasspath
io.netty:netty-buffer:4.1.116.Final=compileClasspath,runtimeClasspath
io.netty:netty-codec-dns:4.1.116.Final=runtimeClasspath
io.netty:netty-codec-http2:4.1.116.Final=runtimeClasspath
io.netty:netty-codec-http:4.1.116.Final=compileClasspath,runtimeClasspath
io.netty:netty-codec:4.1.116.Final=compileClasspath,runtimeClasspath
io.netty:netty-common:4.1.116.Final=compileClasspath,runtimeClasspath
io.netty:netty-handler:4.1.116.Final=compileClasspath,runtimeClasspath
io.netty:netty-resolver-dns-classes-macos:4.1.116.Final=runtimeClasspath
io.netty:netty-resolver-dns-native-macos:4.1.116.Final=runtimeClasspath
io.netty:netty-resolver-dns:4.1.116.Final=runtimeClasspath
io.netty:netty-resolver:4.1.116.Final=compileClasspath,runtimeClasspath
io.netty:netty-tcnative-boringssl-static:2.0.69.Final=runtimeClasspath
io.netty:netty-tcnative-classes:2.0.69.Final=runtimeClasspath
io.netty:netty-transport-classes-epoll:4.1.116.Final=runtimeClasspath
io.netty:netty-transport-classes-kqueue:4.1.116.Final=runtimeClasspath
io.netty:netty-transport-native-epoll:4.1.116.Final=runtimeClasspath
io.netty:netty-transport-native-kqueue:4.1.116.Final=runtimeClasspath
io.netty:netty-transport-native-unix-common:4.1.116.Final=compileClasspath,runtimeClasspath
io.netty:netty-transport:4.1.116.Final=compileClasspath,runtimeClasspath
net.sf.jopt-simple:jopt-simple:5.0.4=compileClasspath,runtimeClasspath
org.apache.commons:commons-math3:3.6.1=compileClasspath,runtimeClasspath
org.jctools:jctools-core:4.0.3=runtimeClasspath
org.openjdk.jmh:jmh-core:1.37=compileClasspath,runtimeClasspath
org.slf4j:slf4j-api:1.7.36=runtimeClasspath
empty=annotationProcessor,jmhAnnotationProcessor,shadow,spotbugsPlugins,testAnnotationProcessor
