# This is a Gradle generated file for dependency locking.
# Manual edits can break the build and are not advised.
# This file is expected to be part of source control.
com.google.code.findbugs:jsr305:3.0.2=compileClasspath,runtimeClasspath
com.google.protobuf:protobuf-bom:3.25.3=compileClasspath,runtimeClasspath
com.google.protobuf:protobuf-java:3.25.3=compileClasspath,runtimeClasspath
com.squareup:javapoet:1.13.0=compileClasspath
org.jctools:jctools-core:4.0.3=runtimeClasspath
org.slf4j:slf4j-api:1.7.36=runtimeClasspath
empty=annotationProcessor,protobuf,shadow,spotbugsPlugins,testAnnotationProcessor,testProtobuf
