# This is a Gradle generated file for dependency locking.
# Manual edits can break the build and are not advised.
# This file is expected to be part of source control.
com.google.code.findbugs:jsr305:3.0.2=compileClasspath,runtimeClasspath
io.opentracing:opentracing-api:0.33.0=compileClasspath,runtimeClasspath
org.apache.logging.log4j:log4j-api:2.23.1=compileClasspath,runtimeClasspath
org.apache.logging.log4j:log4j-bom:2.23.1=compileClasspath,runtimeClasspath
org.apache.logging.log4j:log4j-core:2.23.1=compileClasspath,runtimeClasspath
org.jctools:jctools-core:4.0.3=runtimeClasspath
org.slf4j:slf4j-api:1.7.36=compileClasspath,runtimeClasspath
empty=annotationProcessor,jmhCompileClasspath,jmhRuntimeClasspath,spotbugsPlugins,testAnnotationProcessor
