# This is a Gradle generated file for dependency locking.
# Manual edits can break the build and are not advised.
# This file is expected to be part of source control.
com.google.code.findbugs:jsr305:3.0.2=compileClasspath,runtimeClasspath
com.google.protobuf:protobuf-bom:3.25.5=compileClasspath,runtimeClasspath
com.google.protobuf:protobuf-java:3.25.5=compileClasspath,runtimeClasspath
io.netty:netty-bom:4.2.8.Final-SNAPSHOT=runtimeClasspath
io.netty:netty-buffer:4.2.8.Final-SNAPSHOT=runtimeClasspath
io.netty:netty-codec-base:4.2.8.Final-SNAPSHOT=runtimeClasspath
io.netty:netty-codec-compression:4.2.8.Final-SNAPSHOT=runtimeClasspath
io.netty:netty-codec-dns:4.2.8.Final-SNAPSHOT=runtimeClasspath
io.netty:netty-codec-http2:4.2.8.Final-SNAPSHOT=runtimeClasspath
io.netty:netty-codec-http:4.2.8.Final-SNAPSHOT=runtimeClasspath
io.netty:netty-codec-marshalling:4.2.8.Final-SNAPSHOT=runtimeClasspath
io.netty:netty-codec-protobuf:4.2.8.Final-SNAPSHOT=runtimeClasspath
io.netty:netty-codec:4.2.8.Final-SNAPSHOT=runtimeClasspath
io.netty:netty-common:4.2.8.Final-SNAPSHOT=runtimeClasspath
io.netty:netty-handler:4.2.8.Final-SNAPSHOT=runtimeClasspath
io.netty:netty-resolver-dns:4.2.8.Final-SNAPSHOT=runtimeClasspath
io.netty:netty-resolver:4.2.8.Final-SNAPSHOT=runtimeClasspath
io.netty:netty-tcnative-boringssl-static:2.0.74.Final=runtimeClasspath
io.netty:netty-tcnative-classes:2.0.74.Final=runtimeClasspath
io.netty:netty-transport-classes-epoll:4.2.8.Final-SNAPSHOT=runtimeClasspath
io.netty:netty-transport-classes-kqueue:4.2.8.Final-SNAPSHOT=runtimeClasspath
io.netty:netty-transport-native-kqueue:4.2.8.Final-SNAPSHOT=runtimeClasspath
io.netty:netty-transport-native-unix-common:4.2.8.Final-SNAPSHOT=runtimeClasspath
io.netty:netty-transport:4.2.8.Final-SNAPSHOT=runtimeClasspath
org.apache.logging.log4j:log4j-api:2.23.1=runtimeClasspath
org.apache.logging.log4j:log4j-core:2.23.1=runtimeClasspath
org.apache.logging.log4j:log4j-slf4j-impl:2.23.1=runtimeClasspath
org.jctools:jctools-core:4.0.5=runtimeClasspath
org.slf4j:slf4j-api:1.7.36=runtimeClasspath
empty=annotationProcessor,jmhCompileClasspath,jmhRuntimeClasspath,protobuf,testAnnotationProcessor,testProtobuf
