# This is a Gradle generated file for dependency locking.
# Manual edits can break the build and are not advised.
# This file is expected to be part of source control.
# To regenerate this file, run: ./gradlew :servicetalk-examples:http:servicetalk-examples-http-https-proxy:dependencies --write-locks
com.google.code.findbugs:jsr305:3.0.2=compileClasspath,runtimeClasspath
io.netty:netty-bom:4.2.17.Final=compileClasspath,runtimeClasspath
io.netty:netty-buffer:4.2.17.Final=runtimeClasspath
io.netty:netty-codec-base:4.2.17.Final=runtimeClasspath
io.netty:netty-codec-compression:4.2.17.Final=runtimeClasspath
io.netty:netty-codec-dns:4.2.17.Final=runtimeClasspath
io.netty:netty-codec-http2:4.2.17.Final=runtimeClasspath
io.netty:netty-codec-http:4.2.17.Final=runtimeClasspath
io.netty:netty-codec-marshalling:4.2.17.Final=runtimeClasspath
io.netty:netty-codec-protobuf:4.2.17.Final=runtimeClasspath
io.netty:netty-codec:4.2.17.Final=runtimeClasspath
io.netty:netty-common:4.2.17.Final=runtimeClasspath
io.netty:netty-handler:4.2.17.Final=runtimeClasspath
io.netty:netty-resolver-dns-classes-macos:4.2.17.Final=runtimeClasspath
io.netty:netty-resolver-dns-native-macos:4.2.17.Final=runtimeClasspath
io.netty:netty-resolver-dns:4.2.17.Final=runtimeClasspath
io.netty:netty-resolver:4.2.17.Final=runtimeClasspath
io.netty:netty-tcnative-boringssl-static:2.0.81.Final=runtimeClasspath
io.netty:netty-tcnative-classes:2.0.81.Final=runtimeClasspath
io.netty:netty-transport-classes-epoll:4.2.17.Final=runtimeClasspath
io.netty:netty-transport-classes-io_uring:4.2.17.Final=runtimeClasspath
io.netty:netty-transport-classes-kqueue:4.2.17.Final=runtimeClasspath
io.netty:netty-transport-native-epoll:4.2.17.Final=runtimeClasspath
io.netty:netty-transport-native-io_uring:4.2.17.Final=runtimeClasspath
io.netty:netty-transport-native-kqueue:4.2.17.Final=runtimeClasspath
io.netty:netty-transport-native-unix-common:4.2.17.Final=runtimeClasspath
io.netty:netty-transport:4.2.17.Final=runtimeClasspath
net.bytebuddy:byte-buddy-agent:1.12.19=runtimeClasspath
net.bytebuddy:byte-buddy:1.12.19=runtimeClasspath
org.apache.logging.log4j:log4j-api:2.24.3=runtimeClasspath
org.apache.logging.log4j:log4j-core:2.24.3=runtimeClasspath
org.apache.logging.log4j:log4j-slf4j-impl:2.24.3=runtimeClasspath
org.hamcrest:hamcrest:2.2=compileClasspath,runtimeClasspath
org.jctools:jctools-core:4.0.6=runtimeClasspath
org.junit.jupiter:junit-jupiter-api:5.14.1=runtimeClasspath
org.junit.platform:junit-platform-commons:1.14.1=runtimeClasspath
org.junit:junit-bom:5.14.1=runtimeClasspath
org.mockito:mockito-core:4.11.0=runtimeClasspath
org.objenesis:objenesis:3.3=runtimeClasspath
org.opentest4j:opentest4j:1.3.0=runtimeClasspath
org.slf4j:slf4j-api:1.7.36=compileClasspath,runtimeClasspath
empty=annotationProcessor
