# This is a Gradle generated file for dependency locking.
# Manual edits can break the build and are not advised.
# This file is expected to be part of source control.
com.google.code.findbugs:jsr305:3.0.2=compileClasspath,runtimeClasspath
com.squareup.okhttp3:okhttp:4.12.0=runtimeClasspath
com.squareup.okio:okio-jvm:3.6.0=runtimeClasspath
com.squareup.okio:okio:3.6.0=runtimeClasspath
io.netty:netty-bom:4.1.124.Final=runtimeClasspath
io.netty:netty-buffer:4.1.124.Final=runtimeClasspath
io.netty:netty-codec-dns:4.1.124.Final=runtimeClasspath
io.netty:netty-codec-http2:4.1.124.Final=runtimeClasspath
io.netty:netty-codec-http:4.1.124.Final=runtimeClasspath
io.netty:netty-codec:4.1.124.Final=runtimeClasspath
io.netty:netty-common:4.1.124.Final=runtimeClasspath
io.netty:netty-handler:4.1.124.Final=runtimeClasspath
io.netty:netty-resolver-dns-classes-macos:4.1.124.Final=runtimeClasspath
io.netty:netty-resolver-dns-native-macos:4.1.124.Final=runtimeClasspath
io.netty:netty-resolver-dns:4.1.124.Final=runtimeClasspath
io.netty:netty-resolver:4.1.124.Final=runtimeClasspath
io.netty:netty-tcnative-boringssl-static:2.0.72.Final=runtimeClasspath
io.netty:netty-tcnative-classes:2.0.72.Final=runtimeClasspath
io.netty:netty-transport-classes-epoll:4.1.124.Final=runtimeClasspath
io.netty:netty-transport-classes-kqueue:4.1.124.Final=runtimeClasspath
io.netty:netty-transport-native-epoll:4.1.124.Final=runtimeClasspath
io.netty:netty-transport-native-kqueue:4.1.124.Final=runtimeClasspath
io.netty:netty-transport-native-unix-common:4.1.124.Final=runtimeClasspath
io.netty:netty-transport:4.1.124.Final=runtimeClasspath
io.opentelemetry.instrumentation:opentelemetry-instrumentation-api:2.14.0=runtimeClasspath
io.opentelemetry.instrumentation:opentelemetry-instrumentation-bom:2.14.0=runtimeClasspath
io.opentelemetry.semconv:opentelemetry-semconv:1.30.0=runtimeClasspath
io.opentelemetry:opentelemetry-api-incubator:1.48.0-alpha=runtimeClasspath
io.opentelemetry:opentelemetry-api:1.48.0=compileClasspath,runtimeClasspath
io.opentelemetry:opentelemetry-bom:1.48.0=compileClasspath,runtimeClasspath
io.opentelemetry:opentelemetry-context:1.48.0=compileClasspath,runtimeClasspath
io.opentelemetry:opentelemetry-exporter-common:1.48.0=runtimeClasspath
io.opentelemetry:opentelemetry-exporter-logging:1.48.0=compileClasspath,runtimeClasspath
io.opentelemetry:opentelemetry-exporter-otlp-common:1.48.0=runtimeClasspath
io.opentelemetry:opentelemetry-exporter-otlp:1.48.0=compileClasspath,runtimeClasspath
io.opentelemetry:opentelemetry-exporter-sender-okhttp:1.48.0=runtimeClasspath
io.opentelemetry:opentelemetry-sdk-common:1.48.0=compileClasspath,runtimeClasspath
io.opentelemetry:opentelemetry-sdk-extension-autoconfigure-spi:1.48.0=runtimeClasspath
io.opentelemetry:opentelemetry-sdk-logs:1.48.0=compileClasspath,runtimeClasspath
io.opentelemetry:opentelemetry-sdk-metrics:1.48.0=compileClasspath,runtimeClasspath
io.opentelemetry:opentelemetry-sdk-trace:1.48.0=compileClasspath,runtimeClasspath
io.opentelemetry:opentelemetry-sdk:1.48.0=compileClasspath,runtimeClasspath
org.apache.logging.log4j:log4j-api:2.23.1=runtimeClasspath
org.apache.logging.log4j:log4j-core:2.23.1=runtimeClasspath
org.apache.logging.log4j:log4j-slf4j-impl:2.23.1=runtimeClasspath
org.jctools:jctools-core:4.0.3=runtimeClasspath
org.jetbrains.kotlin:kotlin-stdlib-common:1.9.10=runtimeClasspath
org.jetbrains.kotlin:kotlin-stdlib-jdk7:1.9.10=runtimeClasspath
org.jetbrains.kotlin:kotlin-stdlib-jdk8:1.9.10=runtimeClasspath
org.jetbrains.kotlin:kotlin-stdlib:1.9.10=runtimeClasspath
org.jetbrains:annotations:13.0=runtimeClasspath
org.slf4j:slf4j-api:1.7.36=compileClasspath,runtimeClasspath
empty=annotationProcessor,jmhCompileClasspath,jmhRuntimeClasspath
