# This is a Gradle generated file for dependency locking.
# Manual edits can break the build and are not advised.
# This file is expected to be part of source control.
com.github.spotbugs.snom:spotbugs-gradle-plugin:5.0.13=compileClasspath,runtimeClasspath
empty=annotationProcessor,spotbugsPlugins,testAnnotationProcessor
