# This is a Gradle generated file for dependency locking.
# Manual edits can break the build and are not advised.
# This file is expected to be part of source control.
com.google.api.grpc:proto-google-common-protos:2.29.0=compileClasspath,runtimeClasspath
com.google.code.findbugs:jsr305:3.0.2=compileClasspath,runtimeClasspath
com.google.protobuf:protobuf-bom:3.25.5=compileClasspath,runtimeClasspath
com.google.protobuf:protobuf-java:3.25.5=compileClasspath,runtimeClasspath
io.netty:netty-bom:4.1.121.Final=runtimeClasspath
io.netty:netty-buffer:4.1.121.Final=runtimeClasspath
io.netty:netty-common:4.1.121.Final=runtimeClasspath
org.jctools:jctools-core:4.0.3=runtimeClasspath
org.slf4j:slf4j-api:1.7.36=runtimeClasspath
empty=annotationProcessor,jmhCompileClasspath,jmhRuntimeClasspath,protobuf,spotbugsPlugins,testAnnotationProcessor,testProtobuf
