# This is a Gradle generated file for dependency locking.
# Manual edits can break the build and are not advised.
# This file is expected to be part of source control.
com.fasterxml.jackson:jackson-bom:2.16.2=compileClasspath,runtimeClasspath
com.google.api.grpc:proto-google-common-protos:2.29.0=compileClasspath,runtimeClasspath
com.google.code.findbugs:jsr305:3.0.2=compileClasspath,runtimeClasspath
com.google.code.gson:gson:2.8.9=compileClasspath,runtimeClasspath
com.google.errorprone:error_prone_annotations:2.18.0=compileClasspath,runtimeClasspath
com.google.guava:failureaccess:1.0.1=compileClasspath,runtimeClasspath
com.google.guava:guava:32.0.1-jre=compileClasspath,runtimeClasspath
com.google.guava:listenablefuture:9999.0-empty-to-avoid-conflict-with-guava=compileClasspath,runtimeClasspath
com.google.j2objc:j2objc-annotations:2.8=compileClasspath,runtimeClasspath
com.google.protobuf:protobuf-bom:3.25.3=compileClasspath,runtimeClasspath
com.google.protobuf:protobuf-java-util:3.25.3=compileClasspath,runtimeClasspath
com.google.protobuf:protobuf-java:3.25.3=compileClasspath,runtimeClasspath
io.netty.incubator:netty-incubator-transport-classes-io_uring:0.0.25.Final=runtimeClasspath
io.netty.incubator:netty-incubator-transport-native-io_uring:0.0.25.Final=runtimeClasspath
io.netty:netty-bom:4.1.112.Final=compileClasspath,runtimeClasspath
io.netty:netty-buffer:4.1.112.Final=runtimeClasspath
io.netty:netty-codec-dns:4.1.112.Final=runtimeClasspath
io.netty:netty-codec-http2:4.1.112.Final=runtimeClasspath
io.netty:netty-codec-http:4.1.112.Final=runtimeClasspath
io.netty:netty-codec:4.1.112.Final=runtimeClasspath
io.netty:netty-common:4.1.112.Final=runtimeClasspath
io.netty:netty-handler:4.1.112.Final=runtimeClasspath
io.netty:netty-resolver-dns-classes-macos:4.1.112.Final=runtimeClasspath
io.netty:netty-resolver-dns-native-macos:4.1.112.Final=runtimeClasspath
io.netty:netty-resolver-dns:4.1.112.Final=runtimeClasspath
io.netty:netty-resolver:4.1.112.Final=runtimeClasspath
io.netty:netty-tcnative-boringssl-static:2.0.65.Final=runtimeClasspath
io.netty:netty-tcnative-classes:2.0.65.Final=runtimeClasspath
io.netty:netty-transport-classes-epoll:4.1.112.Final=runtimeClasspath
io.netty:netty-transport-classes-kqueue:4.1.112.Final=runtimeClasspath
io.netty:netty-transport-native-epoll:4.1.112.Final=runtimeClasspath
io.netty:netty-transport-native-kqueue:4.1.112.Final=runtimeClasspath
io.netty:netty-transport-native-unix-common:4.1.112.Final=runtimeClasspath
io.netty:netty-transport:4.1.112.Final=runtimeClasspath
org.apache.logging.log4j:log4j-api:2.23.1=runtimeClasspath
org.apache.logging.log4j:log4j-bom:2.23.1=compileClasspath,runtimeClasspath
org.apache.logging.log4j:log4j-core:2.23.1=runtimeClasspath
org.apache.logging.log4j:log4j-slf4j-impl:2.23.1=runtimeClasspath
org.checkerframework:checker-qual:3.33.0=compileClasspath,runtimeClasspath
org.glassfish.jersey:jersey-bom:2.41=compileClasspath,runtimeClasspath
org.jctools:jctools-core:4.0.3=runtimeClasspath
org.slf4j:slf4j-api:1.7.36=compileClasspath,runtimeClasspath
empty=annotationProcessor,protobuf,testAnnotationProcessor,testProtobuf
