# This is a Gradle generated file for dependency locking.
# Manual edits can break the build and are not advised.
# This file is expected to be part of source control.
com.fasterxml.jackson.core:jackson-annotations:2.18.4=compileClasspath,runtimeClasspath
com.fasterxml.jackson.core:jackson-core:2.18.4=compileClasspath,runtimeClasspath
com.fasterxml.jackson.core:jackson-databind:2.18.4=compileClasspath,runtimeClasspath
com.fasterxml.jackson:jackson-bom:2.18.4=compileClasspath,runtimeClasspath
com.google.code.findbugs:jsr305:3.0.2=compileClasspath,runtimeClasspath
com.sun.activation:jakarta.activation:2.0.1=runtimeClasspath
com.sun.istack:istack-commons-runtime:4.0.1=runtimeClasspath
jakarta.annotation:jakarta.annotation-api:2.1.1=compileClasspath,runtimeClasspath
jakarta.inject:jakarta.inject-api:2.0.1=compileClasspath,runtimeClasspath
jakarta.validation:jakarta.validation-api:3.0.2=compileClasspath,runtimeClasspath
jakarta.ws.rs:jakarta.ws.rs-api:3.0.0=compileClasspath,runtimeClasspath
jakarta.xml.bind:jakarta.xml.bind-api:3.0.1=runtimeClasspath
org.glassfish.hk2:osgi-resource-locator:1.0.3=compileClasspath,runtimeClasspath
org.glassfish.jaxb:jaxb-core:3.0.2=runtimeClasspath
org.glassfish.jaxb:jaxb-runtime:3.0.2=runtimeClasspath
org.glassfish.jaxb:txw2:3.0.2=runtimeClasspath
org.glassfish.jersey.core:jersey-client:3.0.18=compileClasspath,runtimeClasspath
org.glassfish.jersey.core:jersey-common:3.0.18=compileClasspath,runtimeClasspath
org.glassfish.jersey.core:jersey-server:3.0.18=compileClasspath,runtimeClasspath
org.glassfish.jersey:jersey-bom:3.0.18=compileClasspath,runtimeClasspath
org.jctools:jctools-core:4.0.5=runtimeClasspath
org.slf4j:slf4j-api:1.7.36=compileClasspath,runtimeClasspath
empty=annotationProcessor,jmhCompileClasspath,jmhRuntimeClasspath,spotbugsPlugins,testAnnotationProcessor
